
Microsoft Visual Studio Solution File, Format Version 12.00
# Visual Studio 15
VisualStudioVersion = 15.0.28307.572
MinimumVisualStudioVersion = 10.0.40219.1
Project("{9092AA53-FB77-4645-B42D-1CCCA6BD08BD}") = "web", "web\web.njsproj", "{9FEDB92E-C9B4-4C44-B9D5-6207EA153701}"
EndProject
Global
	GlobalSection(SolutionConfigurationPlatforms) = preSolution
		Debug|Any CPU = Debug|Any CPU
		Release|Any CPU = Release|Any CPU
	EndGlobalSection
	GlobalSection(ProjectConfigurationPlatforms) = postSolution
		{9FEDB92E-C9B4-4C44-B9D5-6207EA153701}.Debug|Any CPU.ActiveCfg = Debug|Any CPU
		{9FEDB92E-C9B4-4C44-B9D5-6207EA153701}.Debug|Any CPU.Build.0 = Debug|Any CPU
		{9FEDB92E-C9B4-4C44-B9D5-6207EA153701}.Release|Any CPU.ActiveCfg = Release|Any CPU
		{9FEDB92E-C9B4-4C44-B9D5-6207EA153701}.Release|Any CPU.Build.0 = Release|Any CPU
	EndGlobalSection
	GlobalSection(SolutionProperties) = preSolution
		HideSolutionNode = FALSE
	EndGlobalSection
	GlobalSection(ExtensibilityGlobals) = postSolution
		SolutionGuid = {8D17D794-9678-4562-9004-8CC2A9FCA920}
	EndGlobalSection
EndGlobal
